
Microsoft Visual Studio Solution File, Format Version 12.00
# Visual Studio Version 17
VisualStudioVersion = 17.7.34221.43
MinimumVisualStudioVersion = 10.0.40219.1
Project("{8BC9CEB8-8B4A-11D0-8D11-00A0C91BC942}") = "G27_TP065118_TP064210_TP068065", "G27_TP065118_TP064210_TP068065\G27_TP065118_TP064210_TP068065.vcxproj", "{E3A587ED-887F-4565-B536-4A78929D56E5}"
EndProject
Global
	GlobalSection(SolutionConfigurationPlatforms) = preSolution
		Debug|x64 = Debug|x64
		Debug|x86 = Debug|x86
		Release|x64 = Release|x64
		Release|x86 = Release|x86
	EndGlobalSection
	GlobalSection(ProjectConfigurationPlatforms) = postSolution
		{E3A587ED-887F-4565-B536-4A78929D56E5}.Debug|x64.ActiveCfg = Debug|x64
		{E3A587ED-887F-4565-B536-4A78929D56E5}.Debug|x64.Build.0 = Debug|x64
		{E3A587ED-887F-4565-B536-4A78929D56E5}.Debug|x86.ActiveCfg = Debug|Win32
		{E3A587ED-887F-4565-B536-4A78929D56E5}.Debug|x86.Build.0 = Debug|Win32
		{E3A587ED-887F-4565-B536-4A78929D56E5}.Release|x64.ActiveCfg = Release|x64
		{E3A587ED-887F-4565-B536-4A78929D56E5}.Release|x64.Build.0 = Release|x64
		{E3A587ED-887F-4565-B536-4A78929D56E5}.Release|x86.ActiveCfg = Release|Win32
		{E3A587ED-887F-4565-B536-4A78929D56E5}.Release|x86.Build.0 = Release|Win32
	EndGlobalSection
	GlobalSection(SolutionProperties) = preSolution
		HideSolutionNode = FALSE
	EndGlobalSection
	GlobalSection(ExtensibilityGlobals) = postSolution
		SolutionGuid = {9ADE1884-7C48-4015-9F93-A8A9E4F683D0}
	EndGlobalSection
EndGlobal
